Microsoft Visual Studio Solution File, Format Version 12.00
# Visual Studio Version 17
VisualStudioVersion = 17.5.2.0
MinimumVisualStudioVersion = 10.0.40219.1
Project("{FAE04EC0-301F-11D3-BF4B-00C04F79EFBC}") = "PLPServer", "PLPServer\PLPServer.csproj", "{495C861D-3B30-3A74-79E6-1DFB60D35184}"
EndProject
Global
	GlobalSection(SolutionConfigurationPlatforms) = preSolution
		Debug|Any CPU = Debug|Any CPU
		Release|Any CPU = Release|Any CPU
	EndGlobalSection
	GlobalSection(ProjectConfigurationPlatforms) = postSolution
		{495C861D-3B30-3A74-79E6-1DFB60D35184}.Debug|Any CPU.ActiveCfg = Debug|Any CPU
		{495C861D-3B30-3A74-79E6-1DFB60D35184}.Debug|Any CPU.Build.0 = Debug|Any CPU
		{495C861D-3B30-3A74-79E6-1DFB60D35184}.Release|Any CPU.ActiveCfg = Release|Any CPU
		{495C861D-3B30-3A74-79E6-1DFB60D35184}.Release|Any CPU.Build.0 = Release|Any CPU
	EndGlobalSection
	GlobalSection(SolutionProperties) = preSolution
		HideSolutionNode = FALSE
	EndGlobalSection
	GlobalSection(ExtensibilityGlobals) = postSolution
		SolutionGuid = {E233794A-BA49-4EAC-A198-DA31CA3223DC}
	EndGlobalSection
EndGlobal
